
Microsoft Visual Studio Solution File, Format Version 12.00
# Visual Studio Version 16
VisualStudioVersion = 16.0.33328.57
MinimumVisualStudioVersion = 10.0.40219.1
Project("{FAE04EC0-301F-11D3-BF4B-00C04F79EFBC}") = "Poo ejerccio 8", "Poo ejerccio 8\Poo ejerccio 8.csproj", "{B2A2108E-E0DD-43A9-8F12-DD1FFDEE675D}"
EndProject
Global
	GlobalSection(SolutionConfigurationPlatforms) = preSolution
		Debug|Any CPU = Debug|Any CPU
		Release|Any CPU = Release|Any CPU
	EndGlobalSection
	GlobalSection(ProjectConfigurationPlatforms) = postSolution
		{B2A2108E-E0DD-43A9-8F12-DD1FFDEE675D}.Debug|Any CPU.ActiveCfg = Debug|Any CPU
		{B2A2108E-E0DD-43A9-8F12-DD1FFDEE675D}.Debug|Any CPU.Build.0 = Debug|Any CPU
		{B2A2108E-E0DD-43A9-8F12-DD1FFDEE675D}.Release|Any CPU.ActiveCfg = Release|Any CPU
		{B2A2108E-E0DD-43A9-8F12-DD1FFDEE675D}.Release|Any CPU.Build.0 = Release|Any CPU
	EndGlobalSection
	GlobalSection(SolutionProperties) = preSolution
		HideSolutionNode = FALSE
	EndGlobalSection
	GlobalSection(ExtensibilityGlobals) = postSolution
		SolutionGuid = {A53FBCD1-3699-4240-BA5F-CDC66205F461}
	EndGlobalSection
EndGlobal
